
Microsoft Visual Studio Solution File, Format Version 12.00
# Visual Studio Version 16
VisualStudioVersion = 16.0.30711.63
MinimumVisualStudioVersion = 10.0.40219.1
Project("{FAE04EC0-301F-11D3-BF4B-00C04F79EFBC}") = "TRMDataManager", "TRMDataManager\TRMDataManager.csproj", "{78D3A4E4-FD24-44D6-9003-38711C888535}"
EndProject
Project("{00D1A9C2-B5F0-4AF3-8072-F6C62B433612}") = "TRMData", "TRMData\TRMData.sqlproj", "{5FBA14CE-1056-4413-99BB-CED3408F9380}"
EndProject
Project("{FAE04EC0-301F-11D3-BF4B-00C04F79EFBC}") = "TRMDesktopUI", "TRMDesktopUI\TRMDesktopUI.csproj", "{477F4C11-14B7-4F51-B4E4-5133B16EE903}"
EndProject
Project("{9A19103F-16F7-4668-BE54-9A1E7A4F7556}") = "TRMDataManager.Library", "TRMDataManager.Library\TRMDataManager.Library.csproj", "{7CE252E5-778C-4FA3-9168-DED6C6B3B9BD}"
EndProject
Project("{9A19103F-16F7-4668-BE54-9A1E7A4F7556}") = "TRMDesktopUI.Library", "TRMDesktopUI.Library\TRMDesktopUI.Library.csproj", "{580EE2F6-4228-4BA3-BB05-71F0C1605F52}"
EndProject
Project("{2150E333-8FDC-42A3-9474-1A3956D46DE8}") = "API", "API", "{918F94F9-D838-4FBB-BDA1-6E0BB8A14E22}"
EndProject
Project("{2150E333-8FDC-42A3-9474-1A3956D46DE8}") = "Database", "Database", "{917CD01D-5714-48E3-B455-376759F5AD75}"
EndProject
Project("{2150E333-8FDC-42A3-9474-1A3956D46DE8}") = "WPF", "WPF", "{234232B1-0FED-4A0F-A620-4EAB415C5E10}"
EndProject
Project("{FAE04EC0-301F-11D3-BF4B-00C04F79EFBC}") = "TRMApi", "TRMApi\TRMApi.csproj", "{1C131886-D08B-43E7-A158-65964BED978D}"
EndProject
Global
	GlobalSection(SolutionConfigurationPlatforms) = preSolution
		Debug|Any CPU = Debug|Any CPU
		Release|Any CPU = Release|Any CPU
	EndGlobalSection
	GlobalSection(ProjectConfigurationPlatforms) = postSolution
		{78D3A4E4-FD24-44D6-9003-38711C888535}.Debug|Any CPU.ActiveCfg = Debug|Any CPU
		{78D3A4E4-FD24-44D6-9003-38711C888535}.Debug|Any CPU.Build.0 = Debug|Any CPU
		{78D3A4E4-FD24-44D6-9003-38711C888535}.Release|Any CPU.ActiveCfg = Release|Any CPU
		{78D3A4E4-FD24-44D6-9003-38711C888535}.Release|Any CPU.Build.0 = Release|Any CPU
		{5FBA14CE-1056-4413-99BB-CED3408F9380}.Debug|Any CPU.ActiveCfg = Debug|Any CPU
		{5FBA14CE-1056-4413-99BB-CED3408F9380}.Debug|Any CPU.Build.0 = Debug|Any CPU
		{5FBA14CE-1056-4413-99BB-CED3408F9380}.Debug|Any CPU.Deploy.0 = Debug|Any CPU
		{5FBA14CE-1056-4413-99BB-CED3408F9380}.Release|Any CPU.ActiveCfg = Release|Any CPU
		{5FBA14CE-1056-4413-99BB-CED3408F9380}.Release|Any CPU.Build.0 = Release|Any CPU
		{5FBA14CE-1056-4413-99BB-CED3408F9380}.Release|Any CPU.Deploy.0 = Release|Any CPU
		{477F4C11-14B7-4F51-B4E4-5133B16EE903}.Debug|Any CPU.ActiveCfg = Debug|Any CPU
		{477F4C11-14B7-4F51-B4E4-5133B16EE903}.Debug|Any CPU.Build.0 = Debug|Any CPU
		{477F4C11-14B7-4F51-B4E4-5133B16EE903}.Release|Any CPU.ActiveCfg = Release|Any CPU
		{477F4C11-14B7-4F51-B4E4-5133B16EE903}.Release|Any CPU.Build.0 = Release|Any CPU
		{7CE252E5-778C-4FA3-9168-DED6C6B3B9BD}.Debug|Any CPU.ActiveCfg = Debug|Any CPU
		{7CE252E5-778C-4FA3-9168-DED6C6B3B9BD}.Debug|Any CPU.Build.0 = Debug|Any CPU
		{7CE252E5-778C-4FA3-9168-DED6C6B3B9BD}.Release|Any CPU.ActiveCfg = Release|Any CPU
		{7CE252E5-778C-4FA3-9168-DED6C6B3B9BD}.Release|Any CPU.Build.0 = Release|Any CPU
		{580EE2F6-4228-4BA3-BB05-71F0C1605F52}.Debug|Any CPU.ActiveCfg = Debug|Any CPU
		{580EE2F6-4228-4BA3-BB05-71F0C1605F52}.Debug|Any CPU.Build.0 = Debug|Any CPU
		{580EE2F6-4228-4BA3-BB05-71F0C1605F52}.Release|Any CPU.ActiveCfg = Release|Any CPU
		{580EE2F6-4228-4BA3-BB05-71F0C1605F52}.Release|Any CPU.Build.0 = Release|Any CPU
		{1C131886-D08B-43E7-A158-65964BED978D}.Debug|Any CPU.ActiveCfg = Debug|Any CPU
		{1C131886-D08B-43E7-A158-65964BED978D}.Debug|Any CPU.Build.0 = Debug|Any CPU
		{1C131886-D08B-43E7-A158-65964BED978D}.Release|Any CPU.ActiveCfg = Release|Any CPU
		{1C131886-D08B-43E7-A158-65964BED978D}.Release|Any CPU.Build.0 = Release|Any CPU
	EndGlobalSection
	GlobalSection(SolutionProperties) = preSolution
		HideSolutionNode = FALSE
	EndGlobalSection
	GlobalSection(NestedProjects) = preSolution
		{78D3A4E4-FD24-44D6-9003-38711C888535} = {918F94F9-D838-4FBB-BDA1-6E0BB8A14E22}
		{5FBA14CE-1056-4413-99BB-CED3408F9380} = {917CD01D-5714-48E3-B455-376759F5AD75}
		{477F4C11-14B7-4F51-B4E4-5133B16EE903} = {234232B1-0FED-4A0F-A620-4EAB415C5E10}
		{7CE252E5-778C-4FA3-9168-DED6C6B3B9BD} = {918F94F9-D838-4FBB-BDA1-6E0BB8A14E22}
		{580EE2F6-4228-4BA3-BB05-71F0C1605F52} = {234232B1-0FED-4A0F-A620-4EAB415C5E10}
		{1C131886-D08B-43E7-A158-65964BED978D} = {918F94F9-D838-4FBB-BDA1-6E0BB8A14E22}
	EndGlobalSection
	GlobalSection(ExtensibilityGlobals) = postSolution
		SolutionGuid = {BF42130D-641C-41AD-86B0-B95F793106AC}
	EndGlobalSection
EndGlobal
